
Microsoft Visual Studio Solution File, Format Version 10.00
# Visual Studio 2008
Project("{FAE04EC0-301F-11D3-BF4B-00C04F79EFBC}") = "Rose online UI Editor", "Rose online UI Editor\Rose online UI Editor.csproj", "{055A15C0-25A3-496E-8D6C-49666375019F}"
EndProject
Project("{FAE04EC0-301F-11D3-BF4B-00C04F79EFBC}") = "Content", "..\..\..\WinFormsGraphicsDeviceSample\WinFormsGraphicsDevice\Content\Content.contentproj", "{C2152F36-93F0-4D91-807A-DE7C44AB6AF1}"
EndProject
Global
	GlobalSection(SolutionConfigurationPlatforms) = preSolution
		Debug|Any CPU = Debug|Any CPU
		Debug|Mixed Platforms = Debug|Mixed Platforms
		Debug|x86 = Debug|x86
		Debug|Xbox 360 = Debug|Xbox 360
		Debug|Zune = Debug|Zune
		Release|Any CPU = Release|Any CPU
		Release|Mixed Platforms = Release|Mixed Platforms
		Release|x86 = Release|x86
		Release|Xbox 360 = Release|Xbox 360
		Release|Zune = Release|Zune
	EndGlobalSection
	GlobalSection(ProjectConfigurationPlatforms) = postSolution
		{055A15C0-25A3-496E-8D6C-49666375019F}.Debug|Any CPU.ActiveCfg = Debug|Any CPU
		{055A15C0-25A3-496E-8D6C-49666375019F}.Debug|Any CPU.Build.0 = Debug|Any CPU
		{055A15C0-25A3-496E-8D6C-49666375019F}.Debug|Mixed Platforms.ActiveCfg = Debug|Any CPU
		{055A15C0-25A3-496E-8D6C-49666375019F}.Debug|Mixed Platforms.Build.0 = Debug|Any CPU
		{055A15C0-25A3-496E-8D6C-49666375019F}.Debug|x86.ActiveCfg = Debug|Any CPU
		{055A15C0-25A3-496E-8D6C-49666375019F}.Debug|Xbox 360.ActiveCfg = Debug|Any CPU
		{055A15C0-25A3-496E-8D6C-49666375019F}.Debug|Zune.ActiveCfg = Debug|Any CPU
		{055A15C0-25A3-496E-8D6C-49666375019F}.Release|Any CPU.ActiveCfg = Release|Any CPU
		{055A15C0-25A3-496E-8D6C-49666375019F}.Release|Any CPU.Build.0 = Release|Any CPU
		{055A15C0-25A3-496E-8D6C-49666375019F}.Release|Mixed Platforms.ActiveCfg = Release|Any CPU
		{055A15C0-25A3-496E-8D6C-49666375019F}.Release|Mixed Platforms.Build.0 = Release|Any CPU
		{055A15C0-25A3-496E-8D6C-49666375019F}.Release|x86.ActiveCfg = Release|Any CPU
		{055A15C0-25A3-496E-8D6C-49666375019F}.Release|Xbox 360.ActiveCfg = Release|Any CPU
		{055A15C0-25A3-496E-8D6C-49666375019F}.Release|Zune.ActiveCfg = Release|Any CPU
		{C2152F36-93F0-4D91-807A-DE7C44AB6AF1}.Debug|Any CPU.ActiveCfg = Debug|x86
		{C2152F36-93F0-4D91-807A-DE7C44AB6AF1}.Debug|Mixed Platforms.ActiveCfg = Debug|x86
		{C2152F36-93F0-4D91-807A-DE7C44AB6AF1}.Debug|Mixed Platforms.Build.0 = Debug|x86
		{C2152F36-93F0-4D91-807A-DE7C44AB6AF1}.Debug|x86.ActiveCfg = Debug|x86
		{C2152F36-93F0-4D91-807A-DE7C44AB6AF1}.Debug|x86.Build.0 = Debug|x86
		{C2152F36-93F0-4D91-807A-DE7C44AB6AF1}.Debug|Xbox 360.ActiveCfg = Debug|x86
		{C2152F36-93F0-4D91-807A-DE7C44AB6AF1}.Debug|Zune.ActiveCfg = Debug|x86
		{C2152F36-93F0-4D91-807A-DE7C44AB6AF1}.Release|Any CPU.ActiveCfg = Release|x86
		{C2152F36-93F0-4D91-807A-DE7C44AB6AF1}.Release|Mixed Platforms.ActiveCfg = Release|x86
		{C2152F36-93F0-4D91-807A-DE7C44AB6AF1}.Release|Mixed Platforms.Build.0 = Release|x86
		{C2152F36-93F0-4D91-807A-DE7C44AB6AF1}.Release|x86.ActiveCfg = Release|x86
		{C2152F36-93F0-4D91-807A-DE7C44AB6AF1}.Release|x86.Build.0 = Release|x86
		{C2152F36-93F0-4D91-807A-DE7C44AB6AF1}.Release|Xbox 360.ActiveCfg = Release|x86
		{C2152F36-93F0-4D91-807A-DE7C44AB6AF1}.Release|Zune.ActiveCfg = Release|x86
	EndGlobalSection
	GlobalSection(SolutionProperties) = preSolution
		HideSolutionNode = FALSE
	EndGlobalSection
EndGlobal
